
Microsoft Visual Studio Solution File, Format Version 12.00
# Visual Studio Version 17
VisualStudioVersion = 17.7.34202.233
MinimumVisualStudioVersion = 10.0.40219.1
Project("{9A19103F-16F7-4668-BE54-9A1E7A4F7556}") = "блокнот", "блокнот\блокнот.csproj", "{A7B9BD44-952F-4D4B-AE81-269DCDE12E95}"
EndProject
Project("{FAE04EC0-301F-11D3-BF4B-00C04F79EFBC}") = "SerializationLibrary", "SerializationLibrary\SerializationLibrary.csproj", "{9C54AD64-A1B6-4F87-9CF2-2E6B30042E96}"
EndProject
Project("{FAE04EC0-301F-11D3-BF4B-00C04F79EFBC}") = "StylesLibrary", "StylesLibrary\StylesLibrary.csproj", "{B637D01B-7F64-4280-B44A-6CD691E4C081}"
EndProject
Global
	GlobalSection(SolutionConfigurationPlatforms) = preSolution
		Debug|Any CPU = Debug|Any CPU
		Release|Any CPU = Release|Any CPU
	EndGlobalSection
	GlobalSection(ProjectConfigurationPlatforms) = postSolution
		{A7B9BD44-952F-4D4B-AE81-269DCDE12E95}.Debug|Any CPU.ActiveCfg = Debug|Any CPU
		{A7B9BD44-952F-4D4B-AE81-269DCDE12E95}.Debug|Any CPU.Build.0 = Debug|Any CPU
		{A7B9BD44-952F-4D4B-AE81-269DCDE12E95}.Release|Any CPU.ActiveCfg = Release|Any CPU
		{A7B9BD44-952F-4D4B-AE81-269DCDE12E95}.Release|Any CPU.Build.0 = Release|Any CPU
		{9C54AD64-A1B6-4F87-9CF2-2E6B30042E96}.Debug|Any CPU.ActiveCfg = Debug|Any CPU
		{9C54AD64-A1B6-4F87-9CF2-2E6B30042E96}.Debug|Any CPU.Build.0 = Debug|Any CPU
		{9C54AD64-A1B6-4F87-9CF2-2E6B30042E96}.Release|Any CPU.ActiveCfg = Release|Any CPU
		{9C54AD64-A1B6-4F87-9CF2-2E6B30042E96}.Release|Any CPU.Build.0 = Release|Any CPU
		{B637D01B-7F64-4280-B44A-6CD691E4C081}.Debug|Any CPU.ActiveCfg = Debug|Any CPU
		{B637D01B-7F64-4280-B44A-6CD691E4C081}.Debug|Any CPU.Build.0 = Debug|Any CPU
		{B637D01B-7F64-4280-B44A-6CD691E4C081}.Release|Any CPU.ActiveCfg = Release|Any CPU
		{B637D01B-7F64-4280-B44A-6CD691E4C081}.Release|Any CPU.Build.0 = Release|Any CPU
	EndGlobalSection
	GlobalSection(SolutionProperties) = preSolution
		HideSolutionNode = FALSE
	EndGlobalSection
	GlobalSection(ExtensibilityGlobals) = postSolution
		SolutionGuid = {9C772078-CBA4-4F43-B01C-FAC238E97555}
	EndGlobalSection
EndGlobal
